{
  "lockfileVersion": 1,
  "workspaces": {
    "": {
      "name": "sigils",
      "dependencies": {
        "stopword": "^3.1.5",
      },
      "devDependencies": {
        "@types/node": "^22.10.2",
        "@types/stopword": "^2.0.3",
        "bun-types": "^1.1.42",
        "typescript": "^5.7.2",
      },
    },
  },
  "packages": {
    "@types/node": ["@types/node@22.20.0", "", { "dependencies": { "undici-types": "~6.21.0" } }, "sha512-QWlFW2wf3nTjC13/DqRnBpR4ZO36VJH/JVBkA/vcnmbTBNQIlnObqyqZE1tUR7+Ni23Lda8R1BxMfbXRpCUx5g=="],

    "@types/stopword": ["@types/stopword@2.0.3", "", {}, "sha512-hioMj0lOvISM+EDevf7ijG8EMbU+J3pj4SstCyfQC1t39uPYpAe7beSfBdU6c1d9jeECTQQtR3UJWtVoUO8Weg=="],

    "bun-types": ["bun-types@1.3.14", "", { "dependencies": { "@types/node": "*" } }, "sha512-4N0ig0fEomHt5R0KCFWjovxow98rIoRwKolrYdCcknNwMekCXRnWEUvgu5soYV8QXtVsrUD8B95MBOZGPvr6KQ=="],

    "stopword": ["stopword@3.1.5", "", {}, "sha512-OgLYGVFCNa430WOrj9tYZhQge5yg6vd6JsKredveAqEhdLVQkfrpnQIGjx0L9lLqzL4Kq4J8yNTcfQR/MpBwhg=="],

    "typescript": ["typescript@5.9.3", "", { "bin": { "tsc": "bin/tsc", "tsserver": "bin/tsserver" } }, "sha512-jl1vZzPDinLr9eUt3J/t7V6FgNEw9QjvBPdysz9KfQDD41fQrC2Y4vKQdiaUpFT4bXlb1RHhLpp8wtm6M5TgSw=="],

    "undici-types": ["undici-types@6.21.0", "", {}, "sha512-iwDZqg0QAGrg9Rav5H4n0M64c3mkR59cJ6wQp+7C4nI0gsmExaedaYLNO44eT4AtBBwjbTiGPMlt2Md0T9H9JQ=="],
  }
}
